// !$*UTF8*$!
{
	archiveVersion = 1;
	classes = {
	};
	objectVersion = 56;
	objects = {

/* Begin PBXBuildFile section */
		FA9AD63829940C9700978E98 /* AppDelegate.swift in Sources */ = {isa = PBXBuildFile; fileRef = FA9AD63729940C9700978E98 /* AppDelegate.swift */; };
		FA9AD63A29940C9700978E98 /* SceneDelegate.swift in Sources */ = {isa = PBXBuildFile; fileRef = FA9AD63929940C9700978E98 /* SceneDelegate.swift */; };
		FA9AD63C29940C9700978E98 /* ViewController.swift in Sources */ = {isa = PBXBuildFile; fileRef = FA9AD63B29940C9700978E98 /* ViewController.swift */; };
		FA9AD63F29940C9700978E98 /* Main.storyboard in Resources */ = {isa = PBXBuildFile; fileRef = FA9AD63D29940C9700978E98 /* Main.storyboard */; };
		FA9AD64129940C9800978E98 /* Assets.xcassets in Resources */ = {isa = PBXBuildFile; fileRef = FA9AD64029940C9800978E98 /* Assets.xcassets */; };
		FA9AD64429940C9800978E98 /* LaunchScreen.storyboard in Resources */ = {isa = PBXBuildFile; fileRef = FA9AD64229940C9800978E98 /* LaunchScreen.storyboard */; };
		FA9AD64E2994219F00978E98 /* BottomContainerView.swift in Sources */ = {isa = PBXBuildFile; fileRef = FA9AD64D2994219F00978E98 /* BottomContainerView.swift */; };
		FA9AD651299424CA00978E98 /* SFProDisplay-Bold.ttf in Resources */ = {isa = PBXBuildFile; fileRef = FA9AD650299424CA00978E98 /* SFProDisplay-Bold.ttf */; };
		FA9AD6532994287900978E98 /* SFProDisplay-Regular.ttf in Resources */ = {isa = PBXBuildFile; fileRef = FA9AD6522994287900978E98 /* SFProDisplay-Regular.ttf */; };
/* End PBXBuildFile section */

/* Begin PBXFileReference section */
		FA9AD63429940C9700978E98 /* SurfTest.app */ = {isa = PBXFileReference; explicitFileType = wrapper.application; includeInIndex = 0; path = SurfTest.app; sourceTree = BUILT_PRODUCTS_DIR; };
		FA9AD63729940C9700978E98 /* AppDelegate.swift */ = {isa = PBXFileReference; lastKnownFileType = sourcecode.swift; path = AppDelegate.swift; sourceTree = "<group>"; };
		FA9AD63929940C9700978E98 /* SceneDelegate.swift */ = {isa = PBXFileReference; lastKnownFileType = sourcecode.swift; path = SceneDelegate.swift; sourceTree = "<group>"; };
		FA9AD63B29940C9700978E98 /* ViewController.swift */ = {isa = PBXFileReference; lastKnownFileType = sourcecode.swift; path = ViewController.swift; sourceTree = "<group>"; };
		FA9AD63E29940C9700978E98 /* Base */ = {isa = PBXFileReference; lastKnownFileType = file.storyboard; name = Base; path = Base.lproj/Main.storyboard; sourceTree = "<group>"; };
		FA9AD64029940C9800978E98 /* Assets.xcassets */ = {isa = PBXFileReference; lastKnownFileType = folder.assetcatalog; path = Assets.xcassets; sourceTree = "<group>"; };
		FA9AD64329940C9800978E98 /* Base */ = {isa = PBXFileReference; lastKnownFileType = file.storyboard; name = Base; path = Base.lproj/LaunchScreen.storyboard; sourceTree = "<group>"; };
		FA9AD64529940C9800978E98 /* Info.plist */ = {isa = PBXFileReference; lastKnownFileType = text.plist.xml; path = Info.plist; sourceTree = "<group>"; };
		FA9AD64D2994219F00978E98 /* BottomContainerView.swift */ = {isa = PBXFileReference; lastKnownFileType = sourcecode.swift; path = BottomContainerView.swift; sourceTree = "<group>"; };
		FA9AD650299424CA00978E98 /* SFProDisplay-Bold.ttf */ = {isa = PBXFileReference; lastKnownFileType = file; path = "SFProDisplay-Bold.ttf"; sourceTree = "<group>"; };
		FA9AD6522994287900978E98 /* SFProDisplay-Regular.ttf */ = {isa = PBXFileReference; lastKnownFileType = file; path = "SFProDisplay-Regular.ttf"; sourceTree = "<group>"; };
/* End PBXFileReference section */

/* Begin PBXFrameworksBuildPhase section */
		FA9AD63129940C9700978E98 /* Frameworks */ = {
			isa = PBXFrameworksBuildPhase;
			buildActionMask = 2147483647;
			files = (
			);
			runOnlyForDeploymentPostprocessing = 0;
		};
/* End PBXFrameworksBuildPhase section */

/* Begin PBXGroup section */
		FA9AD62B29940C9700978E98 = {
			isa = PBXGroup;
			children = (
				FA9AD63629940C9700978E98 /* SurfTest */,
				FA9AD63529940C9700978E98 /* Products */,
			);
			sourceTree = "<group>";
		};
		FA9AD63529940C9700978E98 /* Products */ = {
			isa = PBXGroup;
			children = (
				FA9AD63429940C9700978E98 /* SurfTest.app */,
			);
			name = Products;
			sourceTree = "<group>";
		};
		FA9AD63629940C9700978E98 /* SurfTest */ = {
			isa = PBXGroup;
			children = (
				FA9AD64F299424BF00978E98 /* Fonts */,
				FA9AD63729940C9700978E98 /* AppDelegate.swift */,
				FA9AD63929940C9700978E98 /* SceneDelegate.swift */,
				FA9AD63B29940C9700978E98 /* ViewController.swift */,
				FA9AD64D2994219F00978E98 /* BottomContainerView.swift */,
				FA9AD63D29940C9700978E98 /* Main.storyboard */,
				FA9AD64029940C9800978E98 /* Assets.xcassets */,
				FA9AD64229940C9800978E98 /* LaunchScreen.storyboard */,
				FA9AD64529940C9800978E98 /* Info.plist */,
			);
			path = SurfTest;
			sourceTree = "<group>";
		};
		FA9AD64F299424BF00978E98 /* Fonts */ = {
			isa = PBXGroup;
			children = (
				FA9AD6522994287900978E98 /* SFProDisplay-Regular.ttf */,
				FA9AD650299424CA00978E98 /* SFProDisplay-Bold.ttf */,
			);
			path = Fonts;
			sourceTree = "<group>";
		};
/* End PBXGroup section */

/* Begin PBXNativeTarget section */
		FA9AD63329940C9700978E98 /* SurfTest */ = {
			isa = PBXNativeTarget;
			buildConfigurationList = FA9AD64829940C9800978E98 /* Build configuration list for PBXNativeTarget "SurfTest" */;
			buildPhases = (
				FA9AD63029940C9700978E98 /* Sources */,
				FA9AD63129940C9700978E98 /* Frameworks */,
				FA9AD63229940C9700978E98 /* Resources */,
			);
			buildRules = (
			);
			dependencies = (
			);
			name = SurfTest;
			productName = SurfTest;
			productReference = FA9AD63429940C9700978E98 /* SurfTest.app */;
			productType = "com.apple.product-type.application";
		};
/* End PBXNativeTarget section */

/* Begin PBXProject section */
		FA9AD62C29940C9700978E98 /* Project object */ = {
			isa = PBXProject;
			attributes = {
				BuildIndependentTargetsInParallel = 1;
				LastSwiftUpdateCheck = 1420;
				LastUpgradeCheck = 1420;
				TargetAttributes = {
					FA9AD63329940C9700978E98 = {
						CreatedOnToolsVersion = 14.2;
					};
				};
			};
			buildConfigurationList = FA9AD62F29940C9700978E98 /* Build configuration list for PBXProject "SurfTest" */;
			compatibilityVersion = "Xcode 14.0";
			developmentRegion = en;
			hasScannedForEncodings = 0;
			knownRegions = (
				en,
				Base,
			);
			mainGroup = FA9AD62B29940C9700978E98;
			productRefGroup = FA9AD63529940C9700978E98 /* Products */;
			projectDirPath = "";
			projectRoot = "";
			targets = (
				FA9AD63329940C9700978E98 /* SurfTest */,
			);
		};
/* End PBXProject section */

/* Begin PBXResourcesBuildPhase section */
		FA9AD63229940C9700978E98 /* Resources */ = {
			isa = PBXResourcesBuildPhase;
			buildActionMask = 2147483647;
			files = (
				FA9AD64429940C9800978E98 /* LaunchScreen.storyboard in Resources */,
				FA9AD6532994287900978E98 /* SFProDisplay-Regular.ttf in Resources */,
				FA9AD64129940C9800978E98 /* Assets.xcassets in Resources */,
				FA9AD651299424CA00978E98 /* SFProDisplay-Bold.ttf in Resources */,
				FA9AD63F29940C9700978E98 /* Main.storyboard in Resources */,
			);
			runOnlyForDeploymentPostprocessing = 0;
		};
/* End PBXResourcesBuildPhase section */

/* Begin PBXSourcesBuildPhase section */
		FA9AD63029940C9700978E98 /* Sources */ = {
			isa = PBXSourcesBuildPhase;
			buildActionMask = 2147483647;
			files = (
				FA9AD63C29940C9700978E98 /* ViewController.swift in Sources */,
				FA9AD63829940C9700978E98 /* AppDelegate.swift in Sources */,
				FA9AD63A29940C9700978E98 /* SceneDelegate.swift in Sources */,
				FA9AD64E2994219F00978E98 /* BottomContainerView.swift in Sources */,
			);
			runOnlyForDeploymentPostprocessing = 0;
		};
/* End PBXSourcesBuildPhase section */

/* Begin PBXVariantGroup section */
		FA9AD63D29940C9700978E98 /* Main.storyboard */ = {
			isa = PBXVariantGroup;
			children = (
				FA9AD63E29940C9700978E98 /* Base */,
			);
			name = Main.storyboard;
			sourceTree = "<group>";
		};
		FA9AD64229940C9800978E98 /* LaunchScreen.storyboard */ = {
			isa = PBXVariantGroup;
			children = (
				FA9AD64329940C9800978E98 /* Base */,
			);
			name = LaunchScreen.storyboard;
			sourceTree = "<group>";
		};
/* End PBXVariantGroup section */

/* Begin XCBuildConfiguration section */
		FA9AD64629940C9800978E98 /* Debug */ = {
			isa = XCBuildConfiguration;
			buildSettings = {
				ALWAYS_SEARCH_USER_PATHS = NO;
				CLANG_ANALYZER_NONNULL = YES;
				CLANG_ANALYZER_NUMBER_OBJECT_CONVERSION = YES_AGGRESSIVE;
				CLANG_CXX_LANGUAGE_STANDARD = "gnu++20";
				CLANG_ENABLE_MODULES = YES;
				CLANG_ENABLE_OBJC_ARC = YES;
				CLANG_ENABLE_OBJC_WEAK = YES;
				CLANG_WARN_BLOCK_CAPTURE_AUTORELEASING = YES;
				CLANG_WARN_BOOL_CONVERSION = YES;
				CLANG_WARN_COMMA = YES;
				CLANG_WARN_CONSTANT_CONVERSION = YES;
				CLANG_WARN_DEPRECATED_OBJC_IMPLEMENTATIONS = YES;
				CLANG_WARN_DIRECT_OBJC_ISA_USAGE = YES_ERROR;
				CLANG_WARN_DOCUMENTATION_COMMENTS = YES;
				CLANG_WARN_EMPTY_BODY = YES;
				CLANG_WARN_ENUM_CONVERSION = YES;
				CLANG_WARN_INFINITE_RECURSION = YES;
				CLANG_WARN_INT_CONVERSION = YES;
				CLANG_WARN_NON_LITERAL_NULL_CONVERSION = YES;
				CLANG_WARN_OBJC_IMPLICIT_RETAIN_SELF = YES;
				CLANG_WARN_OBJC_LITERAL_CONVERSION = YES;
				CLANG_WARN_OBJC_ROOT_CLASS = YES_ERROR;
				CLANG_WARN_QUOTED_INCLUDE_IN_FRAMEWORK_HEADER = YES;
				CLANG_WARN_RANGE_LOOP_ANALYSIS = YES;
				CLANG_WARN_STRICT_PROTOTYPES = YES;
				CLANG_WARN_SUSPICIOUS_MOVE = YES;
				CLANG_WARN_UNGUARDED_AVAILABILITY = YES_AGGRESSIVE;
				CLANG_WARN_UNREACHABLE_CODE = YES;
				CLANG_WARN__DUPLICATE_METHOD_MATCH = YES;
				COPY_PHASE_STRIP = NO;
				DEBUG_INFORMATION_FORMAT = dwarf;
				ENABLE_STRICT_OBJC_MSGSEND = YES;
				ENABLE_TESTABILITY = YES;
				GCC_C_LANGUAGE_STANDARD = gnu11;
				GCC_DYNAMIC_NO_PIC = NO;
				GCC_NO_COMMON_BLOCKS = YES;
				GCC_OPTIMIZATION_LEVEL = 0;
				GCC_PREPROCESSOR_DEFINITIONS = (
					"DEBUG=1",
					"$(inherited)",
				);
				GCC_WARN_64_TO_32_BIT_CONVERSION = YES;
				GCC_WARN_ABOUT_RETURN_TYPE = YES_ERROR;
				GCC_WARN_UNDECLARED_SELECTOR = YES;
				GCC_WARN_UNINITIALIZED_AUTOS = YES_AGGRESSIVE;
				GCC_WARN_UNUSED_FUNCTION = YES;
				GCC_WARN_UNUSED_VARIABLE = YES;
				IPHONEOS_DEPLOYMENT_TARGET = 16.2;
				MTL_ENABLE_DEBUG_INFO = INCLUDE_SOURCE;
				MTL_FAST_MATH = YES;
				ONLY_ACTIVE_ARCH = YES;
				SDKROOT = iphoneos;
				SWIFT_ACTIVE_COMPILATION_CONDITIONS = DEBUG;
				SWIFT_OPTIMIZATION_LEVEL = "-Onone";
			};
			name = Debug;
		};
		FA9AD64729940C9800978E98 /* Release */ = {
			isa = XCBuildConfiguration;
			buildSettings = {
				ALWAYS_SEARCH_USER_PATHS = NO;
				CLANG_ANALYZER_NONNULL = YES;
				CLANG_ANALYZER_NUMBER_OBJECT_CONVERSION = YES_AGGRESSIVE;
				CLANG_CXX_LANGUAGE_STANDARD = "gnu++20";
				CLANG_ENABLE_MODULES = YES;
				CLANG_ENABLE_OBJC_ARC = YES;
				CLANG_ENABLE_OBJC_WEAK = YES;
				CLANG_WARN_BLOCK_CAPTURE_AUTORELEASING = YES;
				CLANG_WARN_BOOL_CONVERSION = YES;
				CLANG_WARN_COMMA = YES;
				CLANG_WARN_CONSTANT_CONVERSION = YES;
				CLANG_WARN_DEPRECATED_OBJC_IMPLEMENTATIONS = YES;
				CLANG_WARN_DIRECT_OBJC_ISA_USAGE = YES_ERROR;
				CLANG_WARN_DOCUMENTATION_COMMENTS = YES;
				CLANG_WARN_EMPTY_BODY = YES;
				CLANG_WARN_ENUM_CONVERSION = YES;
				CLANG_WARN_INFINITE_RECURSION = YES;
				CLANG_WARN_INT_CONVERSION = YES;
				CLANG_WARN_NON_LITERAL_NULL_CONVERSION = YES;
				CLANG_WARN_OBJC_IMPLICIT_RETAIN_SELF = YES;
				CLANG_WARN_OBJC_LITERAL_CONVERSION = YES;
				CLANG_WARN_OBJC_ROOT_CLASS = YES_ERROR;
				CLANG_WARN_QUOTED_INCLUDE_IN_FRAMEWORK_HEADER = YES;
				CLANG_WARN_RANGE_LOOP_ANALYSIS = YES;
				CLANG_WARN_STRICT_PROTOTYPES = YES;
				CLANG_WARN_SUSPICIOUS_MOVE = YES;
				CLANG_WARN_UNGUARDED_AVAILABILITY = YES_AGGRESSIVE;
				CLANG_WARN_UNREACHABLE_CODE = YES;
				CLANG_WARN__DUPLICATE_METHOD_MATCH = YES;
				COPY_PHASE_STRIP = NO;
				DEBUG_INFORMATION_FORMAT = "dwarf-with-dsym";
				ENABLE_NS_ASSERTIONS = NO;
				ENABLE_STRICT_OBJC_MSGSEND = YES;
				GCC_C_LANGUAGE_STANDARD = gnu11;
				GCC_NO_COMMON_BLOCKS = YES;
				GCC_WARN_64_TO_32_BIT_CONVERSION = YES;
				GCC_WARN_ABOUT_RETURN_TYPE = YES_ERROR;
				GCC_WARN_UNDECLARED_SELECTOR = YES;
				GCC_WARN_UNINITIALIZED_AUTOS = YES_AGGRESSIVE;
				GCC_WARN_UNUSED_FUNCTION = YES;
				GCC_WARN_UNUSED_VARIABLE = YES;
				IPHONEOS_DEPLOYMENT_TARGET = 16.2;
				MTL_ENABLE_DEBUG_INFO = NO;
				MTL_FAST_MATH = YES;
				SDKROOT = iphoneos;
				SWIFT_COMPILATION_MODE = wholemodule;
				SWIFT_OPTIMIZATION_LEVEL = "-O";
				VALIDATE_PRODUCT = YES;
			};
			name = Release;
		};
		FA9AD64929940C9800978E98 /* Debug */ = {
			isa = XCBuildConfiguration;
			buildSettings = {
				ASSETCATALOG_COMPILER_APPICON_NAME = AppIcon;
				ASSETCATALOG_COMPILER_GLOBAL_ACCENT_COLOR_NAME = AccentColor;
				CODE_SIGN_STYLE = Automatic;
				CURRENT_PROJECT_VERSION = 1;
				DEVELOPMENT_TEAM = R69PDMF4Z6;
				GENERATE_INFOPLIST_FILE = YES;
				INFOPLIST_FILE = SurfTest/Info.plist;
				INFOPLIST_KEY_UIApplicationSupportsIndirectInputEvents = YES;
				INFOPLIST_KEY_UILaunchStoryboardName = LaunchScreen;
				INFOPLIST_KEY_UIMainStoryboardFile = Main;
				INFOPLIST_KEY_UISupportedInterfaceOrientations_iPad = "UIInterfaceOrientationPortrait UIInterfaceOrientationPortraitUpsideDown UIInterfaceOrientationLandscapeLeft UIInterfaceOrientationLandscapeRight";
				INFOPLIST_KEY_UISupportedInterfaceOrientations_iPhone = "UIInterfaceOrientationPortrait UIInterfaceOrientationLandscapeLeft UIInterfaceOrientationLandscapeRight";
				LD_RUNPATH_SEARCH_PATHS = (
					"$(inherited)",
					"@executable_path/Frameworks",
				);
				MARKETING_VERSION = 1.0;
				PRODUCT_BUNDLE_IDENTIFIER = com.roma.SurfTest;
				PRODUCT_NAME = "$(TARGET_NAME)";
				SWIFT_EMIT_LOC_STRINGS = YES;
				SWIFT_VERSION = 5.0;
				TARGETED_DEVICE_FAMILY = "1,2";
			};
			name = Debug;
		};
		FA9AD64A29940C9800978E98 /* Release */ = {
			isa = XCBuildConfiguration;
			buildSettings = {
				ASSETCATALOG_COMPILER_APPICON_NAME = AppIcon;
				ASSETCATALOG_COMPILER_GLOBAL_ACCENT_COLOR_NAME = AccentColor;
				CODE_SIGN_STYLE = Automatic;
				CURRENT_PROJECT_VERSION = 1;
				DEVELOPMENT_TEAM = R69PDMF4Z6;
				GENERATE_INFOPLIST_FILE = YES;
				INFOPLIST_FILE = SurfTest/Info.plist;
				INFOPLIST_KEY_UIApplicationSupportsIndirectInputEvents = YES;
				INFOPLIST_KEY_UILaunchStoryboardName = LaunchScreen;
				INFOPLIST_KEY_UIMainStoryboardFile = Main;
				INFOPLIST_KEY_UISupportedInterfaceOrientations_iPad = "UIInterfaceOrientationPortrait UIInterfaceOrientationPortraitUpsideDown UIInterfaceOrientationLandscapeLeft UIInterfaceOrientationLandscapeRight";
				INFOPLIST_KEY_UISupportedInterfaceOrientations_iPhone = "UIInterfaceOrientationPortrait UIInterfaceOrientationLandscapeLeft UIInterfaceOrientationLandscapeRight";
				LD_RUNPATH_SEARCH_PATHS = (
					"$(inherited)",
					"@executable_path/Frameworks",
				);
				MARKETING_VERSION = 1.0;
				PRODUCT_BUNDLE_IDENTIFIER = com.roma.SurfTest;
				PRODUCT_NAME = "$(TARGET_NAME)";
				SWIFT_EMIT_LOC_STRINGS = YES;
				SWIFT_VERSION = 5.0;
				TARGETED_DEVICE_FAMILY = "1,2";
			};
			name = Release;
		};
/* End XCBuildConfiguration section */

/* Begin XCConfigurationList section */
		FA9AD62F29940C9700978E98 /* Build configuration list for PBXProject "SurfTest" */ = {
			isa = XCConfigurationList;
			buildConfigurations = (
				FA9AD64629940C9800978E98 /* Debug */,
				FA9AD64729940C9800978E98 /* Release */,
			);
			defaultConfigurationIsVisible = 0;
			defaultConfigurationName = Release;
		};
		FA9AD64829940C9800978E98 /* Build configuration list for PBXNativeTarget "SurfTest" */ = {
			isa = XCConfigurationList;
			buildConfigurations = (
				FA9AD64929940C9800978E98 /* Debug */,
				FA9AD64A29940C9800978E98 /* Release */,
			);
			defaultConfigurationIsVisible = 0;
			defaultConfigurationName = Release;
		};
/* End XCConfigurationList section */
	};
	rootObject = FA9AD62C29940C9700978E98 /* Project object */;
}
